// !$*UTF8*$!
{
	archiveVersion = 1;
	classes = {
	};
	objectVersion = 50;
	objects = {

/* Begin PBXBuildFile section */
		280F4250255777DC003208E1 /* AfricaApp.swift in Sources */ = {isa = PBXBuildFile; fileRef = 280F424F255777DC003208E1 /* AfricaApp.swift */; };
		280F4252255777DC003208E1 /* ContentView.swift in Sources */ = {isa = PBXBuildFile; fileRef = 280F4251255777DC003208E1 /* ContentView.swift */; };
		280F4254255777E0003208E1 /* Assets.xcassets in Resources */ = {isa = PBXBuildFile; fileRef = 280F4253255777E0003208E1 /* Assets.xcassets */; };
		280F4257255777E0003208E1 /* Preview Assets.xcassets in Resources */ = {isa = PBXBuildFile; fileRef = 280F4256255777E0003208E1 /* Preview Assets.xcassets */; };
		280F426A25577988003208E1 /* gorilla.mp4 in Resources */ = {isa = PBXBuildFile; fileRef = 280F426025577985003208E1 /* gorilla.mp4 */; };
		280F426B25577988003208E1 /* elephant.mp4 in Resources */ = {isa = PBXBuildFile; fileRef = 280F426125577986003208E1 /* elephant.mp4 */; };
		280F426C25577988003208E1 /* giraffe.mp4 in Resources */ = {isa = PBXBuildFile; fileRef = 280F426225577986003208E1 /* giraffe.mp4 */; };
		280F426D25577988003208E1 /* rhino.mp4 in Resources */ = {isa = PBXBuildFile; fileRef = 280F426325577986003208E1 /* rhino.mp4 */; };
		280F426E25577988003208E1 /* lioness.mp4 in Resources */ = {isa = PBXBuildFile; fileRef = 280F426425577987003208E1 /* lioness.mp4 */; };
		280F426F25577988003208E1 /* cheetah.mp4 in Resources */ = {isa = PBXBuildFile; fileRef = 280F426525577987003208E1 /* cheetah.mp4 */; };
		280F427025577988003208E1 /* zebra.mp4 in Resources */ = {isa = PBXBuildFile; fileRef = 280F426625577987003208E1 /* zebra.mp4 */; };
		280F427125577988003208E1 /* hippo.mp4 in Resources */ = {isa = PBXBuildFile; fileRef = 280F426725577988003208E1 /* hippo.mp4 */; };
		280F427225577988003208E1 /* ostrich.mp4 in Resources */ = {isa = PBXBuildFile; fileRef = 280F426825577988003208E1 /* ostrich.mp4 */; };
		280F427325577988003208E1 /* lion.mp4 in Resources */ = {isa = PBXBuildFile; fileRef = 280F426925577988003208E1 /* lion.mp4 */; };
		280F427A255779C1003208E1 /* locations.json in Resources */ = {isa = PBXBuildFile; fileRef = 280F4276255779C1003208E1 /* locations.json */; };
		280F427B255779C1003208E1 /* covers.json in Resources */ = {isa = PBXBuildFile; fileRef = 280F4277255779C1003208E1 /* covers.json */; };
		280F427C255779C1003208E1 /* animals.json in Resources */ = {isa = PBXBuildFile; fileRef = 280F4278255779C1003208E1 /* animals.json */; };
		280F427D255779C1003208E1 /* videos.json in Resources */ = {isa = PBXBuildFile; fileRef = 280F4279255779C1003208E1 /* videos.json */; };
		280F428125577B8E003208E1 /* VideoListView.swift in Sources */ = {isa = PBXBuildFile; fileRef = 280F428025577B8E003208E1 /* VideoListView.swift */; };
		280F428525577B9E003208E1 /* MapView.swift in Sources */ = {isa = PBXBuildFile; fileRef = 280F428425577B9E003208E1 /* MapView.swift */; };
		280F428825577BAE003208E1 /* GalleryView.swift in Sources */ = {isa = PBXBuildFile; fileRef = 280F428725577BAE003208E1 /* GalleryView.swift */; };
		280F428B25577BBC003208E1 /* MainView.swift in Sources */ = {isa = PBXBuildFile; fileRef = 280F428A25577BBC003208E1 /* MainView.swift */; };
		281340822560BF3C00CF5A17 /* CoverImageView.swift in Sources */ = {isa = PBXBuildFile; fileRef = 281340812560BF3C00CF5A17 /* CoverImageView.swift */; };
		281340872560C26400CF5A17 /* CoverImageModel.swift in Sources */ = {isa = PBXBuildFile; fileRef = 281340862560C26400CF5A17 /* CoverImageModel.swift */; };
		2813408C2560C3AB00CF5A17 /* CodableBundleExtension.swift in Sources */ = {isa = PBXBuildFile; fileRef = 2813408B2560C3AB00CF5A17 /* CodableBundleExtension.swift */; };
		281340902560C76E00CF5A17 /* AnimalListItemView.swift in Sources */ = {isa = PBXBuildFile; fileRef = 2813408F2560C76E00CF5A17 /* AnimalListItemView.swift */; };
		281340932560C94500CF5A17 /* AnimalModel.swift in Sources */ = {isa = PBXBuildFile; fileRef = 281340922560C94500CF5A17 /* AnimalModel.swift */; };
		281340962560CF3600CF5A17 /* AnimalDetailView.swift in Sources */ = {isa = PBXBuildFile; fileRef = 281340952560CF3600CF5A17 /* AnimalDetailView.swift */; };
		281340992560D14700CF5A17 /* HeadingView.swift in Sources */ = {isa = PBXBuildFile; fileRef = 281340982560D14700CF5A17 /* HeadingView.swift */; };
		2813409C2560D36300CF5A17 /* InsetGalleryView.swift in Sources */ = {isa = PBXBuildFile; fileRef = 2813409B2560D36300CF5A17 /* InsetGalleryView.swift */; };
		286FD16C256B2F4600562848 /* VideoModel.swift in Sources */ = {isa = PBXBuildFile; fileRef = 286FD16B256B2F4600562848 /* VideoModel.swift */; };
		286FD175256B305600562848 /* VideoListItemView.swift in Sources */ = {isa = PBXBuildFile; fileRef = 286FD174256B305600562848 /* VideoListItemView.swift */; };
		286FD17B256B39C900562848 /* VideoPlayerView.swift in Sources */ = {isa = PBXBuildFile; fileRef = 286FD17A256B39C900562848 /* VideoPlayerView.swift */; };
		286FD17F256B3AC200562848 /* VideoPlayerHelper.swift in Sources */ = {isa = PBXBuildFile; fileRef = 286FD17E256B3AC200562848 /* VideoPlayerHelper.swift */; };
		28EC1584256313E200A545A2 /* InsetFactView.swift in Sources */ = {isa = PBXBuildFile; fileRef = 28EC1583256313E200A545A2 /* InsetFactView.swift */; };
		28EC15872563164100A545A2 /* InsetMapView.swift in Sources */ = {isa = PBXBuildFile; fileRef = 28EC15862563164100A545A2 /* InsetMapView.swift */; };
		28EC158A2563190400A545A2 /* ExternalWeblinkView.swift in Sources */ = {isa = PBXBuildFile; fileRef = 28EC15892563190400A545A2 /* ExternalWeblinkView.swift */; };
		329806DB2579A78700FFE913 /* LocationModel.swift in Sources */ = {isa = PBXBuildFile; fileRef = 329806DA2579A78700FFE913 /* LocationModel.swift */; };
		329806DE2579AE3C00FFE913 /* MapAnnotationView.swift in Sources */ = {isa = PBXBuildFile; fileRef = 329806DD2579AE3C00FFE913 /* MapAnnotationView.swift */; };
/* End PBXBuildFile section */

/* Begin PBXFileReference section */
		280F424C255777DC003208E1 /* Africa.app */ = {isa = PBXFileReference; explicitFileType = wrapper.application; includeInIndex = 0; path = Africa.app; sourceTree = BUILT_PRODUCTS_DIR; };
		280F424F255777DC003208E1 /* AfricaApp.swift */ = {isa = PBXFileReference; lastKnownFileType = sourcecode.swift; path = AfricaApp.swift; sourceTree = "<group>"; };
		280F4251255777DC003208E1 /* ContentView.swift */ = {isa = PBXFileReference; lastKnownFileType = sourcecode.swift; path = ContentView.swift; sourceTree = "<group>"; };
		280F4253255777E0003208E1 /* Assets.xcassets */ = {isa = PBXFileReference; lastKnownFileType = folder.assetcatalog; path = Assets.xcassets; sourceTree = "<group>"; };
		280F4256255777E0003208E1 /* Preview Assets.xcassets */ = {isa = PBXFileReference; lastKnownFileType = folder.assetcatalog; path = "Preview Assets.xcassets"; sourceTree = "<group>"; };
		280F4258255777E0003208E1 /* Info.plist */ = {isa = PBXFileReference; lastKnownFileType = text.plist.xml; path = Info.plist; sourceTree = "<group>"; };
		280F426025577985003208E1 /* gorilla.mp4 */ = {isa = PBXFileReference; lastKnownFileType = file; path = gorilla.mp4; sourceTree = "<group>"; };
		280F426125577986003208E1 /* elephant.mp4 */ = {isa = PBXFileReference; lastKnownFileType = file; path = elephant.mp4; sourceTree = "<group>"; };
		280F426225577986003208E1 /* giraffe.mp4 */ = {isa = PBXFileReference; lastKnownFileType = file; path = giraffe.mp4; sourceTree = "<group>"; };
		280F426325577986003208E1 /* rhino.mp4 */ = {isa = PBXFileReference; lastKnownFileType = file; path = rhino.mp4; sourceTree = "<group>"; };
		280F426425577987003208E1 /* lioness.mp4 */ = {isa = PBXFileReference; lastKnownFileType = file; path = lioness.mp4; sourceTree = "<group>"; };
		280F426525577987003208E1 /* cheetah.mp4 */ = {isa = PBXFileReference; lastKnownFileType = file; path = cheetah.mp4; sourceTree = "<group>"; };
		280F426625577987003208E1 /* zebra.mp4 */ = {isa = PBXFileReference; lastKnownFileType = file; path = zebra.mp4; sourceTree = "<group>"; };
		280F426725577988003208E1 /* hippo.mp4 */ = {isa = PBXFileReference; lastKnownFileType = file; path = hippo.mp4; sourceTree = "<group>"; };
		280F426825577988003208E1 /* ostrich.mp4 */ = {isa = PBXFileReference; lastKnownFileType = file; path = ostrich.mp4; sourceTree = "<group>"; };
		280F426925577988003208E1 /* lion.mp4 */ = {isa = PBXFileReference; lastKnownFileType = file; path = lion.mp4; sourceTree = "<group>"; };
		280F4276255779C1003208E1 /* locations.json */ = {isa = PBXFileReference; fileEncoding = 4; lastKnownFileType = text.json; path = locations.json; sourceTree = "<group>"; };
		280F4277255779C1003208E1 /* covers.json */ = {isa = PBXFileReference; fileEncoding = 4; lastKnownFileType = text.json; path = covers.json; sourceTree = "<group>"; };
		280F4278255779C1003208E1 /* animals.json */ = {isa = PBXFileReference; fileEncoding = 4; lastKnownFileType = text.json; path = animals.json; sourceTree = "<group>"; };
		280F4279255779C1003208E1 /* videos.json */ = {isa = PBXFileReference; fileEncoding = 4; lastKnownFileType = text.json; path = videos.json; sourceTree = "<group>"; };
		280F428025577B8E003208E1 /* VideoListView.swift */ = {isa = PBXFileReference; lastKnownFileType = sourcecode.swift; path = VideoListView.swift; sourceTree = "<group>"; };
		280F428425577B9E003208E1 /* MapView.swift */ = {isa = PBXFileReference; lastKnownFileType = sourcecode.swift; path = MapView.swift; sourceTree = "<group>"; };
		280F428725577BAE003208E1 /* GalleryView.swift */ = {isa = PBXFileReference; lastKnownFileType = sourcecode.swift; path = GalleryView.swift; sourceTree = "<group>"; };
		280F428A25577BBC003208E1 /* MainView.swift */ = {isa = PBXFileReference; lastKnownFileType = sourcecode.swift; path = MainView.swift; sourceTree = "<group>"; };
		281340812560BF3C00CF5A17 /* CoverImageView.swift */ = {isa = PBXFileReference; lastKnownFileType = sourcecode.swift; path = CoverImageView.swift; sourceTree = "<group>"; };
		281340862560C26400CF5A17 /* CoverImageModel.swift */ = {isa = PBXFileReference; lastKnownFileType = sourcecode.swift; path = CoverImageModel.swift; sourceTree = "<group>"; };
		2813408B2560C3AB00CF5A17 /* CodableBundleExtension.swift */ = {isa = PBXFileReference; lastKnownFileType = sourcecode.swift; path = CodableBundleExtension.swift; sourceTree = "<group>"; };
		2813408F2560C76E00CF5A17 /* AnimalListItemView.swift */ = {isa = PBXFileReference; lastKnownFileType = sourcecode.swift; path = AnimalListItemView.swift; sourceTree = "<group>"; };
		281340922560C94500CF5A17 /* AnimalModel.swift */ = {isa = PBXFileReference; lastKnownFileType = sourcecode.swift; path = AnimalModel.swift; sourceTree = "<group>"; };
		281340952560CF3600CF5A17 /* AnimalDetailView.swift */ = {isa = PBXFileReference; lastKnownFileType = sourcecode.swift; path = AnimalDetailView.swift; sourceTree = "<group>"; };
		281340982560D14700CF5A17 /* HeadingView.swift */ = {isa = PBXFileReference; lastKnownFileType = sourcecode.swift; path = HeadingView.swift; sourceTree = "<group>"; };
		2813409B2560D36300CF5A17 /* InsetGalleryView.swift */ = {isa = PBXFileReference; lastKnownFileType = sourcecode.swift; path = InsetGalleryView.swift; sourceTree = "<group>"; };
		286FD16B256B2F4600562848 /* VideoModel.swift */ = {isa = PBXFileReference; lastKnownFileType = sourcecode.swift; path = VideoModel.swift; sourceTree = "<group>"; };
		286FD16E256B2FFE00562848 /* README.md */ = {isa = PBXFileReference; lastKnownFileType = net.daringfireball.markdown; path = README.md; sourceTree = "<group>"; };
		286FD174256B305600562848 /* VideoListItemView.swift */ = {isa = PBXFileReference; lastKnownFileType = sourcecode.swift; path = VideoListItemView.swift; sourceTree = "<group>"; };
		286FD17A256B39C900562848 /* VideoPlayerView.swift */ = {isa = PBXFileReference; lastKnownFileType = sourcecode.swift; path = VideoPlayerView.swift; sourceTree = "<group>"; };
		286FD17E256B3AC200562848 /* VideoPlayerHelper.swift */ = {isa = PBXFileReference; lastKnownFileType = sourcecode.swift; path = VideoPlayerHelper.swift; sourceTree = "<group>"; };
		28EC1583256313E200A545A2 /* InsetFactView.swift */ = {isa = PBXFileReference; lastKnownFileType = sourcecode.swift; path = InsetFactView.swift; sourceTree = "<group>"; };
		28EC15862563164100A545A2 /* InsetMapView.swift */ = {isa = PBXFileReference; lastKnownFileType = sourcecode.swift; path = InsetMapView.swift; sourceTree = "<group>"; };
		28EC15892563190400A545A2 /* ExternalWeblinkView.swift */ = {isa = PBXFileReference; lastKnownFileType = sourcecode.swift; path = ExternalWeblinkView.swift; sourceTree = "<group>"; };
		329806DA2579A78700FFE913 /* LocationModel.swift */ = {isa = PBXFileReference; lastKnownFileType = sourcecode.swift; path = LocationModel.swift; sourceTree = "<group>"; };
		329806DD2579AE3C00FFE913 /* MapAnnotationView.swift */ = {isa = PBXFileReference; lastKnownFileType = sourcecode.swift; path = MapAnnotationView.swift; sourceTree = "<group>"; };
/* End PBXFileReference section */

/* Begin PBXFrameworksBuildPhase section */
		280F4249255777DC003208E1 /* Frameworks */ = {
			isa = PBXFrameworksBuildPhase;
			buildActionMask = 2147483647;
			files = (
			);
			runOnlyForDeploymentPostprocessing = 0;
		};
/* End PBXFrameworksBuildPhase section */

/* Begin PBXGroup section */
		280F4243255777DC003208E1 = {
			isa = PBXGroup;
			children = (
				286FD16E256B2FFE00562848 /* README.md */,
				280F424E255777DC003208E1 /* Africa */,
				280F424D255777DC003208E1 /* Products */,
			);
			sourceTree = "<group>";
		};
		280F424D255777DC003208E1 /* Products */ = {
			isa = PBXGroup;
			children = (
				280F424C255777DC003208E1 /* Africa.app */,
			);
			name = Products;
			sourceTree = "<group>";
		};
		280F424E255777DC003208E1 /* Africa */ = {
			isa = PBXGroup;
			children = (
				286FD17D256B3AAE00562848 /* Helper */,
				280F427F25577B4F003208E1 /* App */,
				281340802560BF2A00CF5A17 /* View */,
				2813408A2560C39600CF5A17 /* Extension */,
				281340852560C25400CF5A17 /* Model */,
				280F4275255779AD003208E1 /* Data */,
				280F425F2557795C003208E1 /* Video */,
				280F4253255777E0003208E1 /* Assets.xcassets */,
				280F4258255777E0003208E1 /* Info.plist */,
				280F4255255777E0003208E1 /* Preview Content */,
			);
			path = Africa;
			sourceTree = "<group>";
		};
		280F4255255777E0003208E1 /* Preview Content */ = {
			isa = PBXGroup;
			children = (
				280F4256255777E0003208E1 /* Preview Assets.xcassets */,
			);
			path = "Preview Content";
			sourceTree = "<group>";
		};
		280F425F2557795C003208E1 /* Video */ = {
			isa = PBXGroup;
			children = (
				280F426525577987003208E1 /* cheetah.mp4 */,
				280F426125577986003208E1 /* elephant.mp4 */,
				280F426225577986003208E1 /* giraffe.mp4 */,
				280F426025577985003208E1 /* gorilla.mp4 */,
				280F426725577988003208E1 /* hippo.mp4 */,
				280F426925577988003208E1 /* lion.mp4 */,
				280F426425577987003208E1 /* lioness.mp4 */,
				280F426825577988003208E1 /* ostrich.mp4 */,
				280F426325577986003208E1 /* rhino.mp4 */,
				280F426625577987003208E1 /* zebra.mp4 */,
			);
			path = Video;
			sourceTree = "<group>";
		};
		280F4275255779AD003208E1 /* Data */ = {
			isa = PBXGroup;
			children = (
				280F4278255779C1003208E1 /* animals.json */,
				280F4277255779C1003208E1 /* covers.json */,
				280F4276255779C1003208E1 /* locations.json */,
				280F4279255779C1003208E1 /* videos.json */,
			);
			path = Data;
			sourceTree = "<group>";
		};
		280F427F25577B4F003208E1 /* App */ = {
			isa = PBXGroup;
			children = (
				280F424F255777DC003208E1 /* AfricaApp.swift */,
				280F4251255777DC003208E1 /* ContentView.swift */,
				280F428025577B8E003208E1 /* VideoListView.swift */,
				280F428425577B9E003208E1 /* MapView.swift */,
				280F428725577BAE003208E1 /* GalleryView.swift */,
				280F428A25577BBC003208E1 /* MainView.swift */,
			);
			path = App;
			sourceTree = "<group>";
		};
		281340802560BF2A00CF5A17 /* View */ = {
			isa = PBXGroup;
			children = (
				281340812560BF3C00CF5A17 /* CoverImageView.swift */,
				2813408F2560C76E00CF5A17 /* AnimalListItemView.swift */,
				281340952560CF3600CF5A17 /* AnimalDetailView.swift */,
				281340982560D14700CF5A17 /* HeadingView.swift */,
				2813409B2560D36300CF5A17 /* InsetGalleryView.swift */,
				28EC1583256313E200A545A2 /* InsetFactView.swift */,
				28EC15862563164100A545A2 /* InsetMapView.swift */,
				28EC15892563190400A545A2 /* ExternalWeblinkView.swift */,
				286FD174256B305600562848 /* VideoListItemView.swift */,
				286FD17A256B39C900562848 /* VideoPlayerView.swift */,
				329806DD2579AE3C00FFE913 /* MapAnnotationView.swift */,
			);
			path = View;
			sourceTree = "<group>";
		};
		281340852560C25400CF5A17 /* Model */ = {
			isa = PBXGroup;
			children = (
				281340862560C26400CF5A17 /* CoverImageModel.swift */,
				281340922560C94500CF5A17 /* AnimalModel.swift */,
				286FD16B256B2F4600562848 /* VideoModel.swift */,
				329806DA2579A78700FFE913 /* LocationModel.swift */,
			);
			path = Model;
			sourceTree = "<group>";
		};
		2813408A2560C39600CF5A17 /* Extension */ = {
			isa = PBXGroup;
			children = (
				2813408B2560C3AB00CF5A17 /* CodableBundleExtension.swift */,
			);
			path = Extension;
			sourceTree = "<group>";
		};
		286FD17D256B3AAE00562848 /* Helper */ = {
			isa = PBXGroup;
			children = (
				286FD17E256B3AC200562848 /* VideoPlayerHelper.swift */,
			);
			path = Helper;
			sourceTree = "<group>";
		};
/* End PBXGroup section */

/* Begin PBXNativeTarget section */
		280F424B255777DC003208E1 /* Africa */ = {
			isa = PBXNativeTarget;
			buildConfigurationList = 280F425B255777E0003208E1 /* Build configuration list for PBXNativeTarget "Africa" */;
			buildPhases = (
				280F4248255777DC003208E1 /* Sources */,
				280F4249255777DC003208E1 /* Frameworks */,
				280F424A255777DC003208E1 /* Resources */,
			);
			buildRules = (
			);
			dependencies = (
			);
			name = Africa;
			productName = Africa;
			productReference = 280F424C255777DC003208E1 /* Africa.app */;
			productType = "com.apple.product-type.application";
		};
/* End PBXNativeTarget section */

/* Begin PBXProject section */
		280F4244255777DC003208E1 /* Project object */ = {
			isa = PBXProject;
			attributes = {
				LastSwiftUpdateCheck = 1220;
				LastUpgradeCheck = 1220;
				TargetAttributes = {
					280F424B255777DC003208E1 = {
						CreatedOnToolsVersion = 12.2;
					};
				};
			};
			buildConfigurationList = 280F4247255777DC003208E1 /* Build configuration list for PBXProject "Africa" */;
			compatibilityVersion = "Xcode 9.3";
			developmentRegion = en;
			hasScannedForEncodings = 0;
			knownRegions = (
				en,
				Base,
			);
			mainGroup = 280F4243255777DC003208E1;
			productRefGroup = 280F424D255777DC003208E1 /* Products */;
			projectDirPath = "";
			projectRoot = "";
			targets = (
				280F424B255777DC003208E1 /* Africa */,
			);
		};
/* End PBXProject section */

/* Begin PBXResourcesBuildPhase section */
		280F424A255777DC003208E1 /* Resources */ = {
			isa = PBXResourcesBuildPhase;
			buildActionMask = 2147483647;
			files = (
				280F427C255779C1003208E1 /* animals.json in Resources */,
				280F427A255779C1003208E1 /* locations.json in Resources */,
				280F427125577988003208E1 /* hippo.mp4 in Resources */,
				280F427325577988003208E1 /* lion.mp4 in Resources */,
				280F426D25577988003208E1 /* rhino.mp4 in Resources */,
				280F426B25577988003208E1 /* elephant.mp4 in Resources */,
				280F4257255777E0003208E1 /* Preview Assets.xcassets in Resources */,
				280F426A25577988003208E1 /* gorilla.mp4 in Resources */,
				280F427B255779C1003208E1 /* covers.json in Resources */,
				280F426F25577988003208E1 /* cheetah.mp4 in Resources */,
				280F4254255777E0003208E1 /* Assets.xcassets in Resources */,
				280F426E25577988003208E1 /* lioness.mp4 in Resources */,
				280F427025577988003208E1 /* zebra.mp4 in Resources */,
				280F427D255779C1003208E1 /* videos.json in Resources */,
				280F426C25577988003208E1 /* giraffe.mp4 in Resources */,
				280F427225577988003208E1 /* ostrich.mp4 in Resources */,
			);
			runOnlyForDeploymentPostprocessing = 0;
		};
/* End PBXResourcesBuildPhase section */

/* Begin PBXSourcesBuildPhase section */
		280F4248255777DC003208E1 /* Sources */ = {
			isa = PBXSourcesBuildPhase;
			buildActionMask = 2147483647;
			files = (
				28EC158A2563190400A545A2 /* ExternalWeblinkView.swift in Sources */,
				280F4252255777DC003208E1 /* ContentView.swift in Sources */,
				281340902560C76E00CF5A17 /* AnimalListItemView.swift in Sources */,
				280F428B25577BBC003208E1 /* MainView.swift in Sources */,
				28EC1584256313E200A545A2 /* InsetFactView.swift in Sources */,
				281340822560BF3C00CF5A17 /* CoverImageView.swift in Sources */,
				281340872560C26400CF5A17 /* CoverImageModel.swift in Sources */,
				281340962560CF3600CF5A17 /* AnimalDetailView.swift in Sources */,
				281340932560C94500CF5A17 /* AnimalModel.swift in Sources */,
				280F428525577B9E003208E1 /* MapView.swift in Sources */,
				286FD17F256B3AC200562848 /* VideoPlayerHelper.swift in Sources */,
				28EC15872563164100A545A2 /* InsetMapView.swift in Sources */,
				280F4250255777DC003208E1 /* AfricaApp.swift in Sources */,
				329806DE2579AE3C00FFE913 /* MapAnnotationView.swift in Sources */,
				280F428125577B8E003208E1 /* VideoListView.swift in Sources */,
				286FD16C256B2F4600562848 /* VideoModel.swift in Sources */,
				280F428825577BAE003208E1 /* GalleryView.swift in Sources */,
				329806DB2579A78700FFE913 /* LocationModel.swift in Sources */,
				2813409C2560D36300CF5A17 /* InsetGalleryView.swift in Sources */,
				286FD175256B305600562848 /* VideoListItemView.swift in Sources */,
				2813408C2560C3AB00CF5A17 /* CodableBundleExtension.swift in Sources */,
				281340992560D14700CF5A17 /* HeadingView.swift in Sources */,
				286FD17B256B39C900562848 /* VideoPlayerView.swift in Sources */,
			);
			runOnlyForDeploymentPostprocessing = 0;
		};
/* End PBXSourcesBuildPhase section */

/* Begin XCBuildConfiguration section */
		280F4259255777E0003208E1 /* Debug */ = {
			isa = XCBuildConfiguration;
			buildSettings = {
				ALWAYS_SEARCH_USER_PATHS = NO;
				CLANG_ANALYZER_NONNULL = YES;
				CLANG_ANALYZER_NUMBER_OBJECT_CONVERSION = YES_AGGRESSIVE;
				CLANG_CXX_LANGUAGE_STANDARD = "gnu++14";
				CLANG_CXX_LIBRARY = "libc++";
				CLANG_ENABLE_MODULES = YES;
				CLANG_ENABLE_OBJC_ARC = YES;
				CLANG_ENABLE_OBJC_WEAK = YES;
				CLANG_WARN_BLOCK_CAPTURE_AUTORELEASING = YES;
				CLANG_WARN_BOOL_CONVERSION = YES;
				CLANG_WARN_COMMA = YES;
				CLANG_WARN_CONSTANT_CONVERSION = YES;
				CLANG_WARN_DEPRECATED_OBJC_IMPLEMENTATIONS = YES;
				CLANG_WARN_DIRECT_OBJC_ISA_USAGE = YES_ERROR;
				CLANG_WARN_DOCUMENTATION_COMMENTS = YES;
				CLANG_WARN_EMPTY_BODY = YES;
				CLANG_WARN_ENUM_CONVERSION = YES;
				CLANG_WARN_INFINITE_RECURSION = YES;
				CLANG_WARN_INT_CONVERSION = YES;
				CLANG_WARN_NON_LITERAL_NULL_CONVERSION = YES;
				CLANG_WARN_OBJC_IMPLICIT_RETAIN_SELF = YES;
				CLANG_WARN_OBJC_LITERAL_CONVERSION = YES;
				CLANG_WARN_OBJC_ROOT_CLASS = YES_ERROR;
				CLANG_WARN_QUOTED_INCLUDE_IN_FRAMEWORK_HEADER = YES;
				CLANG_WARN_RANGE_LOOP_ANALYSIS = YES;
				CLANG_WARN_STRICT_PROTOTYPES = YES;
				CLANG_WARN_SUSPICIOUS_MOVE = YES;
				CLANG_WARN_UNGUARDED_AVAILABILITY = YES_AGGRESSIVE;
				CLANG_WARN_UNREACHABLE_CODE = YES;
				CLANG_WARN__DUPLICATE_METHOD_MATCH = YES;
				COPY_PHASE_STRIP = NO;
				DEBUG_INFORMATION_FORMAT = dwarf;
				ENABLE_STRICT_OBJC_MSGSEND = YES;
				ENABLE_TESTABILITY = YES;
				GCC_C_LANGUAGE_STANDARD = gnu11;
				GCC_DYNAMIC_NO_PIC = NO;
				GCC_NO_COMMON_BLOCKS = YES;
				GCC_OPTIMIZATION_LEVEL = 0;
				GCC_PREPROCESSOR_DEFINITIONS = (
					"DEBUG=1",
					"$(inherited)",
				);
				GCC_WARN_64_TO_32_BIT_CONVERSION = YES;
				GCC_WARN_ABOUT_RETURN_TYPE = YES_ERROR;
				GCC_WARN_UNDECLARED_SELECTOR = YES;
				GCC_WARN_UNINITIALIZED_AUTOS = YES_AGGRESSIVE;
				GCC_WARN_UNUSED_FUNCTION = YES;
				GCC_WARN_UNUSED_VARIABLE = YES;
				IPHONEOS_DEPLOYMENT_TARGET = 14.2;
				MTL_ENABLE_DEBUG_INFO = INCLUDE_SOURCE;
				MTL_FAST_MATH = YES;
				ONLY_ACTIVE_ARCH = YES;
				SDKROOT = iphoneos;
				SWIFT_ACTIVE_COMPILATION_CONDITIONS = DEBUG;
				SWIFT_OPTIMIZATION_LEVEL = "-Onone";
			};
			name = Debug;
		};
		280F425A255777E0003208E1 /* Release */ = {
			isa = XCBuildConfiguration;
			buildSettings = {
				ALWAYS_SEARCH_USER_PATHS = NO;
				CLANG_ANALYZER_NONNULL = YES;
				CLANG_ANALYZER_NUMBER_OBJECT_CONVERSION = YES_AGGRESSIVE;
				CLANG_CXX_LANGUAGE_STANDARD = "gnu++14";
				CLANG_CXX_LIBRARY = "libc++";
				CLANG_ENABLE_MODULES = YES;
				CLANG_ENABLE_OBJC_ARC = YES;
				CLANG_ENABLE_OBJC_WEAK = YES;
				CLANG_WARN_BLOCK_CAPTURE_AUTORELEASING = YES;
				CLANG_WARN_BOOL_CONVERSION = YES;
				CLANG_WARN_COMMA = YES;
				CLANG_WARN_CONSTANT_CONVERSION = YES;
				CLANG_WARN_DEPRECATED_OBJC_IMPLEMENTATIONS = YES;
				CLANG_WARN_DIRECT_OBJC_ISA_USAGE = YES_ERROR;
				CLANG_WARN_DOCUMENTATION_COMMENTS = YES;
				CLANG_WARN_EMPTY_BODY = YES;
				CLANG_WARN_ENUM_CONVERSION = YES;
				CLANG_WARN_INFINITE_RECURSION = YES;
				CLANG_WARN_INT_CONVERSION = YES;
				CLANG_WARN_NON_LITERAL_NULL_CONVERSION = YES;
				CLANG_WARN_OBJC_IMPLICIT_RETAIN_SELF = YES;
				CLANG_WARN_OBJC_LITERAL_CONVERSION = YES;
				CLANG_WARN_OBJC_ROOT_CLASS = YES_ERROR;
				CLANG_WARN_QUOTED_INCLUDE_IN_FRAMEWORK_HEADER = YES;
				CLANG_WARN_RANGE_LOOP_ANALYSIS = YES;
				CLANG_WARN_STRICT_PROTOTYPES = YES;
				CLANG_WARN_SUSPICIOUS_MOVE = YES;
				CLANG_WARN_UNGUARDED_AVAILABILITY = YES_AGGRESSIVE;
				CLANG_WARN_UNREACHABLE_CODE = YES;
				CLANG_WARN__DUPLICATE_METHOD_MATCH = YES;
				COPY_PHASE_STRIP = NO;
				DEBUG_INFORMATION_FORMAT = "dwarf-with-dsym";
				ENABLE_NS_ASSERTIONS = NO;
				ENABLE_STRICT_OBJC_MSGSEND = YES;
				GCC_C_LANGUAGE_STANDARD = gnu11;
				GCC_NO_COMMON_BLOCKS = YES;
				GCC_WARN_64_TO_32_BIT_CONVERSION = YES;
				GCC_WARN_ABOUT_RETURN_TYPE = YES_ERROR;
				GCC_WARN_UNDECLARED_SELECTOR = YES;
				GCC_WARN_UNINITIALIZED_AUTOS = YES_AGGRESSIVE;
				GCC_WARN_UNUSED_FUNCTION = YES;
				GCC_WARN_UNUSED_VARIABLE = YES;
				IPHONEOS_DEPLOYMENT_TARGET = 14.2;
				MTL_ENABLE_DEBUG_INFO = NO;
				MTL_FAST_MATH = YES;
				SDKROOT = iphoneos;
				SWIFT_COMPILATION_MODE = wholemodule;
				SWIFT_OPTIMIZATION_LEVEL = "-O";
				VALIDATE_PRODUCT = YES;
			};
			name = Release;
		};
		280F425C255777E0003208E1 /* Debug */ = {
			isa = XCBuildConfiguration;
			buildSettings = {
				ASSETCATALOG_COMPILER_APPICON_NAME = AppIcon;
				ASSETCATALOG_COMPILER_GLOBAL_ACCENT_COLOR_NAME = AccentColor;
				CODE_SIGN_STYLE = Automatic;
				DEVELOPMENT_ASSET_PATHS = "\"Africa/Preview Content\"";
				DEVELOPMENT_TEAM = TZ5YSJH8XE;
				ENABLE_PREVIEWS = YES;
				INFOPLIST_FILE = Africa/Info.plist;
				IPHONEOS_DEPLOYMENT_TARGET = 14.0;
				LD_RUNPATH_SEARCH_PATHS = (
					"$(inherited)",
					"@executable_path/Frameworks",
				);
				PRODUCT_BUNDLE_IDENTIFIER = com.AmpersandLabs.Africa;
				PRODUCT_NAME = "$(TARGET_NAME)";
				SWIFT_VERSION = 5.0;
				TARGETED_DEVICE_FAMILY = "1,2";
			};
			name = Debug;
		};
		280F425D255777E0003208E1 /* Release */ = {
			isa = XCBuildConfiguration;
			buildSettings = {
				ASSETCATALOG_COMPILER_APPICON_NAME = AppIcon;
				ASSETCATALOG_COMPILER_GLOBAL_ACCENT_COLOR_NAME = AccentColor;
				CODE_SIGN_STYLE = Automatic;
				DEVELOPMENT_ASSET_PATHS = "\"Africa/Preview Content\"";
				DEVELOPMENT_TEAM = TZ5YSJH8XE;
				ENABLE_PREVIEWS = YES;
				INFOPLIST_FILE = Africa/Info.plist;
				IPHONEOS_DEPLOYMENT_TARGET = 14.0;
				LD_RUNPATH_SEARCH_PATHS = (
					"$(inherited)",
					"@executable_path/Frameworks",
				);
				PRODUCT_BUNDLE_IDENTIFIER = com.AmpersandLabs.Africa;
				PRODUCT_NAME = "$(TARGET_NAME)";
				SWIFT_VERSION = 5.0;
				TARGETED_DEVICE_FAMILY = "1,2";
			};
			name = Release;
		};
/* End XCBuildConfiguration section */

/* Begin XCConfigurationList section */
		280F4247255777DC003208E1 /* Build configuration list for PBXProject "Africa" */ = {
			isa = XCConfigurationList;
			buildConfigurations = (
				280F4259255777E0003208E1 /* Debug */,
				280F425A255777E0003208E1 /* Release */,
			);
			defaultConfigurationIsVisible = 0;
			defaultConfigurationName = Release;
		};
		280F425B255777E0003208E1 /* Build configuration list for PBXNativeTarget "Africa" */ = {
			isa = XCConfigurationList;
			buildConfigurations = (
				280F425C255777E0003208E1 /* Debug */,
				280F425D255777E0003208E1 /* Release */,
			);
			defaultConfigurationIsVisible = 0;
			defaultConfigurationName = Release;
		};
/* End XCConfigurationList section */
	};
	rootObject = 280F4244255777DC003208E1 /* Project object */;
}
